
Microsoft Visual Studio Solution File, Format Version 12.00
# Visual Studio Version 16
VisualStudioVersion = 16.0.32413.511
MinimumVisualStudioVersion = 10.0.40219.1
Project("{FAE04EC0-301F-11D3-BF4B-00C04F79EFBC}") = "Prestamos sa", "Prestamos sa\Prestamos sa.csproj", "{27B1C69A-D2D9-434C-A999-86C31FCDC395}"
EndProject
Project("{FAE04EC0-301F-11D3-BF4B-00C04F79EFBC}") = "Prestamo.Domain", "Prestamo.Domain\Prestamo.Domain.csproj", "{2E17C4F4-E594-4F65-A407-699875BCE81A}"
EndProject
Project("{FAE04EC0-301F-11D3-BF4B-00C04F79EFBC}") = "Prestamos.Appcore", "Prestamos.Appcore\Prestamos.Appcore.csproj", "{A97F54F6-D831-4172-8109-BB2760F51C1C}"
EndProject
Project("{FAE04EC0-301F-11D3-BF4B-00C04F79EFBC}") = "Prestamos.Infraestructure", "Prestamos.Infraestructure\Prestamos.Infraestructure.csproj", "{4A89E79A-11B8-4B02-8688-8E190016CDA2}"
EndProject
Global
	GlobalSection(SolutionConfigurationPlatforms) = preSolution
		Debug|Any CPU = Debug|Any CPU
		Release|Any CPU = Release|Any CPU
	EndGlobalSection
	GlobalSection(ProjectConfigurationPlatforms) = postSolution
		{27B1C69A-D2D9-434C-A999-86C31FCDC395}.Debug|Any CPU.ActiveCfg = Debug|Any CPU
		{27B1C69A-D2D9-434C-A999-86C31FCDC395}.Debug|Any CPU.Build.0 = Debug|Any CPU
		{27B1C69A-D2D9-434C-A999-86C31FCDC395}.Release|Any CPU.ActiveCfg = Release|Any CPU
		{27B1C69A-D2D9-434C-A999-86C31FCDC395}.Release|Any CPU.Build.0 = Release|Any CPU
		{2E17C4F4-E594-4F65-A407-699875BCE81A}.Debug|Any CPU.ActiveCfg = Debug|Any CPU
		{2E17C4F4-E594-4F65-A407-699875BCE81A}.Debug|Any CPU.Build.0 = Debug|Any CPU
		{2E17C4F4-E594-4F65-A407-699875BCE81A}.Release|Any CPU.ActiveCfg = Release|Any CPU
		{2E17C4F4-E594-4F65-A407-699875BCE81A}.Release|Any CPU.Build.0 = Release|Any CPU
		{A97F54F6-D831-4172-8109-BB2760F51C1C}.Debug|Any CPU.ActiveCfg = Debug|Any CPU
		{A97F54F6-D831-4172-8109-BB2760F51C1C}.Debug|Any CPU.Build.0 = Debug|Any CPU
		{A97F54F6-D831-4172-8109-BB2760F51C1C}.Release|Any CPU.ActiveCfg = Release|Any CPU
		{A97F54F6-D831-4172-8109-BB2760F51C1C}.Release|Any CPU.Build.0 = Release|Any CPU
		{4A89E79A-11B8-4B02-8688-8E190016CDA2}.Debug|Any CPU.ActiveCfg = Debug|Any CPU
		{4A89E79A-11B8-4B02-8688-8E190016CDA2}.Debug|Any CPU.Build.0 = Debug|Any CPU
		{4A89E79A-11B8-4B02-8688-8E190016CDA2}.Release|Any CPU.ActiveCfg = Release|Any CPU
		{4A89E79A-11B8-4B02-8688-8E190016CDA2}.Release|Any CPU.Build.0 = Release|Any CPU
	EndGlobalSection
	GlobalSection(SolutionProperties) = preSolution
		HideSolutionNode = FALSE
	EndGlobalSection
	GlobalSection(ExtensibilityGlobals) = postSolution
		SolutionGuid = {AF0B96A3-E0C1-4092-BAB3-633812AEC61C}
	EndGlobalSection
EndGlobal
